# This file is automatically @generated by Cargo.
# It is not intended for manual editing.
version = 4

[[package]]
name = "ControllerStuff"
version = "0.1.0"
dependencies = [
 "color_space",
 "sdl3",
]

[[package]]
name = "bitflags"
version = "2.7.0"
source = "registry+https://github.com/rust-lang/crates.io-index"
checksum = "1be3f42a67d6d345ecd59f675f3f012d6974981560836e938c22b424b85ce1be"

[[package]]
name = "color_space"
version = "0.5.4"
source = "registry+https://github.com/rust-lang/crates.io-index"
checksum = "52fdfaf2bee6357023bf7f95b15a8ef0b82759d2bce705cc45efcae9ae10f0ff"

[[package]]
name = "lazy_static"
version = "1.5.0"
source = "registry+https://github.com/rust-lang/crates.io-index"
checksum = "bbd2bcb4c963f2ddae06a2efc7e9f3591312473c50c6685e1f298068316e66fe"

[[package]]
name = "libc"
version = "0.2.169"
source = "registry+https://github.com/rust-lang/crates.io-index"
checksum = "b5aba8db14291edd000dfcc4d620c7ebfb122c613afb886ca8803fa4e128a20a"

[[package]]
name = "sdl3"
version = "0.13.0"
source = "registry+https://github.com/rust-lang/crates.io-index"
checksum = "74621f3861056220194c083810e43d38ec849354693a9cea3b88fc544b6a0103"
dependencies = [
 "bitflags",
 "lazy_static",
 "libc",
 "sdl3-sys",
]

[[package]]
name = "sdl3-sys"
version = "0.2.1+SDL3-preview-3.1.8"
source = "registry+https://github.com/rust-lang/crates.io-index"
checksum = "ce30ffc1270c38b670433a1cbe84268e3cdef3660e43fa41c38ebc8e0f569e55"
